{
  "name": "account-activity-dashboard-enterprise",
  "version": "1.0.0",
  "lockfileVersion": 1,
  "requires": true,
  "dependencies": {
    "@types/cors": {
      "version": "2.8.19",
      "resolved": "https://artifactory.twitter.biz/artifactory/api/npm/js-virtual/@types/cors/-/cors-2.8.19.tgz",
      "integrity": "sha512-mFNylyeyqN93lfe/9CSxOGREz8cpzAhH+E93xJ4xWQf62V8sQ/24reV2nyzUWM6H6Xji+GGHpkbLe7pVoUEskg==",
      "requires": {
        "@types/node": "*"
      }
    },
    "@types/node": {
      "version": "22.15.18",
      "resolved": "https://artifactory.twitter.biz/artifactory/api/npm/js-virtual/@types/node/-/node-22.15.18.tgz",
      "integrity": "sha512-v1DKRfUdyW+jJhZNEI1PYy29S2YRxMV5AOO/x/SjKmW0acCIOqmbj6Haf9eHAhsPmrhlHSxEhv/1WszcLWV4cg==",
      "requires": {
        "undici-types": "~6.21.0"
      }
    },
    "@types/ws": {
      "version": "8.18.1",
      "resolved": "https://artifactory.twitter.biz/artifactory/api/npm/js-virtual/@types/ws/-/ws-8.18.1.tgz",
      "integrity": "sha512-ThVF6DCVhA8kUGy+aazFQ4kXQ7E1Ty7A3ypFOe0IcJV8O/M511G99AW24irKrW56Wt44yG9+ij8FaqoBGkuBXg==",
      "requires": {
        "@types/node": "*"
      }
    },
    "cors": {
      "version": "2.8.5",
      "resolved": "https://artifactory.twitter.biz/artifactory/api/npm/js-virtual/cors/-/cors-2.8.5.tgz",
      "integrity": "sha512-KIHbLJqu73RGr/hnbrO9uBeixNGuvSQjul/jdFvS/KFSIH1hWVd1ng7zOHx+YrEfInLG7q4n6GHQ9cDtxv/P6g==",
      "requires": {
        "object-assign": "^4",
        "vary": "^1"
      }
    },
    "dotenv": {
      "version": "16.5.0",
      "resolved": "https://artifactory.twitter.biz/artifactory/api/npm/js-virtual/dotenv/-/dotenv-16.5.0.tgz",
      "integrity": "sha512-m/C+AwOAr9/W1UOIZUo232ejMNnJAJtYQjUbHoNTBNTJSvqzzDh7vnrei3o3r3m9blf6ZoDkvcw0VmozNRFJxg=="
    },
    "object-assign": {
      "version": "4.1.1",
      "resolved": "https://artifactory.twitter.biz/artifactory/api/npm/js-virtual/object-assign/-/object-assign-4.1.1.tgz",
      "integrity": "sha512-rJgTQnkUnH1sFw8yT6VSU3zD3sWmu6sZhIseY8VX+GRu3P6F7Fu+JNDoXfklElbLJSnc3FUQHVe4cU5hj+BcUg=="
    },
    "twitter-api-v2": {
      "version": "1.23.2",
      "resolved": "https://artifactory.twitter.biz/artifactory/api/npm/js-virtual/twitter-api-v2/-/twitter-api-v2-1.23.2.tgz",
      "integrity": "sha512-m0CGXmfGwUhWBOOTVCIXIoSEXwGCQV3Es9yraCwUxaVrjJT2CQcqDrQsQTpBhtiAvVL2HS1cCEGsotNjfX9log=="
    },
    "undici-types": {
      "version": "6.21.0",
      "resolved": "https://artifactory.twitter.biz/artifactory/api/npm/js-virtual/undici-types/-/undici-types-6.21.0.tgz",
      "integrity": "sha512-iwDZqg0QAGrg9Rav5H4n0M64c3mkR59cJ6wQp+7C4nI0gsmExaedaYLNO44eT4AtBBwjbTiGPMlt2Md0T9H9JQ=="
    },
    "vary": {
      "version": "1.1.2",
      "resolved": "https://artifactory.twitter.biz/artifactory/api/npm/js-virtual/vary/-/vary-1.1.2.tgz",
      "integrity": "sha512-BNGbWLfd0eUPabhkXUVm0j8uuvREyTh5ovRa/dyow/BqAbZJyC+5fU+IzQOzmAKzYqYRAISoRhdQr3eIZ/PXqg=="
    },
    "ws": {
      "version": "8.18.2",
      "resolved": "https://artifactory.twitter.biz/artifactory/api/npm/js-virtual/ws/-/ws-8.18.2.tgz",
      "integrity": "sha512-DMricUmwGZUVr++AEAe2uiVM7UoO9MAVZMDu05UQOaUII0lp+zOzLLU4Xqh/JvTqklB1T4uELaaPBKyjE1r4fQ=="
    }
  }
}
